PODS:
  - Flutter (1.0.0)
  - flutter_alarmkit (0.0.1):
    - Flutter
  - integration_test (0.0.1):
    - Flutter

DEPENDENCIES:
  - Flutter (from `Flutter`)
  - flutter_alarmkit (from `.symlinks/plugins/flutter_alarmkit/ios`)
  - integration_test (from `.symlinks/plugins/integration_test/ios`)

EXTERNAL SOURCES:
  Flutter:
    :path: Flutter
  flutter_alarmkit:
    :path: ".symlinks/plugins/flutter_alarmkit/ios"
  integration_test:
    :path: ".symlinks/plugins/integration_test/ios"

SPEC CHECKSUMS:
  Flutter: e0871f40cf51350855a761d2e70bf5af5b9b5de7
  flutter_alarmkit: b5aa316acc4d00450da556241864cda3b349321c
  integration_test: 252f60fa39af5e17c3aa9899d35d908a0721b573

PODFILE CHECKSUM: 212ec7238f9dcbfb96ca5141c9fadc47bfd3a5d7

COCOAPODS: 1.16.2
