PODS:
  - Flutter (1.0.0)
  - flutter_alarmkit (0.4.0):
    - Flutter
  - integration_test (0.0.1):
    - Flutter

DEPENDENCIES:
  - Flutter (from `Flutter`)
  - flutter_alarmkit (from `.symlinks/plugins/flutter_alarmkit/ios`)
  - integration_test (from `.symlinks/plugins/integration_test/ios`)

EXTERNAL SOURCES:
  Flutter:
    :path: Flutter
  flutter_alarmkit:
    :path: ".symlinks/plugins/flutter_alarmkit/ios"
  integration_test:
    :path: ".symlinks/plugins/integration_test/ios"

SPEC CHECKSUMS:
  Flutter: cabc95a1d2626b1b06e7179b784ebcf0c0cde467
  flutter_alarmkit: 41f2debcd07fddfb879f17201a50a5e3c1e04826
  integration_test: 4a889634ef21a45d28d50d622cf412dc6d9f586e

PODFILE CHECKSUM: 9e2597ddafd7524f488729ee3b2a668a53377ce2

COCOAPODS: 1.16.2
